version = 1
revision = 1
requires-python = ">=3.11"
resolution-markers = [
    "python_full_version >= '3.12'",
    "python_full_version < '3.12'",
]

[[package]]
name = "grpo-code"
version = "0.1.0"
source = { editable = "." }
dependencies = [
    { name = "wasmtime" },
]

[package.metadata]
requires-dist = [{ name = "wasmtime" }]

[[package]]
name = "importlib-resources"
version = "6.5.2"
source = { registry = "https://pypi.org/simple" }
sdist = { url = "https://files.pythonhosted.org/packages/cf/8c/f834fbf984f691b4f7ff60f50b514cc3de5cc08abfc3295564dd89c5e2e7/importlib_resources-6.5.2.tar.gz", hash = "sha256:185f87adef5bcc288449d98fb4fba07cea78bc036455dd44c5fc4a2fe78fed2c", size = 44693 }
wheels = [
    { url = "https://files.pythonhosted.org/packages/a4/ed/1f1afb2e9e7f38a545d628f864d562a5ae64fe6f7a10e28ffb9b185b4e89/importlib_resources-6.5.2-py3-none-any.whl", hash = "sha256:789cfdc3ed28c78b67a06acb8126751ced69a3d5f79c095a98298cd8a760ccec", size = 37461 },
]

[[package]]
name = "wasmtime"
version = "30.0.0"
source = { registry = "https://pypi.org/simple" }
dependencies = [
    { name = "importlib-resources" },
]
wheels = [
    { url = "https://files.pythonhosted.org/packages/31/0c/290dd5081c7c99d39bf85c5315a88c53079c5fe777ba6264f49cefed6362/wasmtime-30.0.0-py3-none-macosx_10_13_x86_64.whl", hash = "sha256:578378ab33c9b046e74d44461eedd6fe4e4fca8522caa7f251123490263dabbf", size = 7040481 },
    { url = "https://files.pythonhosted.org/packages/1c/4d/b127fab50719ad64cf5feef47daa5d0967ce0b1d96b8061ed2955b92d660/wasmtime-30.0.0-py3-none-macosx_11_0_arm64.whl", hash = "sha256:71423e8f56f7376ef1e5e2f560f2c51818213fc5d6f1a10dcf1d46b337cf9476", size = 6378107 },
    { url = "https://files.pythonhosted.org/packages/44/aa/630ebb7a1dc8202da6b0d4d218b257203dc5df1571b6d9a9fe231cac9dfe/wasmtime-30.0.0-py3-none-manylinux1_x86_64.whl", hash = "sha256:26af8a74e0f5786ee01ec8398621a268e6696d3b8e25d66f5d0ec931357f683a", size = 7471161 },
    { url = "https://files.pythonhosted.org/packages/2c/f8/c13505b4506b117f6adffba9980d224c14922718dc437213447659db5c35/wasmtime-30.0.0-py3-none-manylinux2014_aarch64.whl", hash = "sha256:cac51ab4e91a2f44bdae88153859cef72a0c47438ef976ab18d90fa12d0c354e", size = 6958245 },
    { url = "https://files.pythonhosted.org/packages/f6/e1/ed753bf0dc18c460feec06197f21f9c96709640990712bb6c6f075aee753/wasmtime-30.0.0-py3-none-musllinux_1_2_x86_64.whl", hash = "sha256:3964f0cf115e3c8dbd120a2b0eda6744fda10648a9e465930b81bdc876bcba36", size = 7481754 },
    { url = "https://files.pythonhosted.org/packages/7d/53/ed6efad1505014abb7634fc2aa61aa7b521e45dce6d17fcb8180757a459e/wasmtime-30.0.0-py3-none-win_amd64.whl", hash = "sha256:651d8c0fa75b10840906a96530bac09937af7510a38346e1d0391f0240057f58", size = 5866033 },
    { url = "https://files.pythonhosted.org/packages/67/09/e0a2a218d5292f017d41665a47bc672bd00533b3c0c9eb11316b4fd9fa56/wasmtime-30.0.0-py3-none-win_arm64.whl", hash = "sha256:0fcc47ca1b5ccc303167e58a89c2b9865928d8c024ee1481a4f2cf75dcc4eb70", size = 5375297 },
]
